
Microsoft Visual Studio Solution File, Format Version 12.00
# Visual Studio Version 16
VisualStudioVersion = 16.0.30621.155
MinimumVisualStudioVersion = 10.0.40219.1
Project("{FAE04EC0-301F-11D3-BF4B-00C04F79EFBC}") = "MVCDemo", "MVCDemo\MVCDemo.csproj", "{A08C6522-C91A-4E06-96F0-DC1998E593B2}"
EndProject
Global
	GlobalSection(SolutionConfigurationPlatforms) = preSolution
		Debug|Any CPU = Debug|Any CPU
		Release|Any CPU = Release|Any CPU
	EndGlobalSection
	GlobalSection(ProjectConfigurationPlatforms) = postSolution
		{A08C6522-C91A-4E06-96F0-DC1998E593B2}.Debug|Any CPU.ActiveCfg = Debug|Any CPU
		{A08C6522-C91A-4E06-96F0-DC1998E593B2}.Debug|Any CPU.Build.0 = Debug|Any CPU
		{A08C6522-C91A-4E06-96F0-DC1998E593B2}.Release|Any CPU.ActiveCfg = Release|Any CPU
		{A08C6522-C91A-4E06-96F0-DC1998E593B2}.Release|Any CPU.Build.0 = Release|Any CPU
	EndGlobalSection
	GlobalSection(SolutionProperties) = preSolution
		HideSolutionNode = FALSE
	EndGlobalSection
	GlobalSection(ExtensibilityGlobals) = postSolution
		SolutionGuid = {CD731569-FB97-4707-B024-FC36BB85D1C1}
	EndGlobalSection
EndGlobal
